
Microsoft Visual Studio Solution File, Format Version 12.00
# Visual Studio 14
VisualStudioVersion = 14.0.24720.0
MinimumVisualStudioVersion = 10.0.40219.1
Project("{FAE04EC0-301F-11D3-BF4B-00C04F79EFBC}") = "LexCore", "LexCore\LexCore.csproj", "{56D1BF77-B2EF-4958-AFCE-4A5E68B02F61}"
EndProject
Project("{FAE04EC0-301F-11D3-BF4B-00C04F79EFBC}") = "LexCoreTest", "LexCoreTest\LexCoreTest.csproj", "{A478985E-2CCA-4FDA-AD0A-D37288D44A31}"
EndProject
Global
	GlobalSection(SolutionConfigurationPlatforms) = preSolution
		Debug|Any CPU = Debug|Any CPU
		Release|Any CPU = Release|Any CPU
	EndGlobalSection
	GlobalSection(ProjectConfigurationPlatforms) = postSolution
		{56D1BF77-B2EF-4958-AFCE-4A5E68B02F61}.Debug|Any CPU.ActiveCfg = Debug|Any CPU
		{56D1BF77-B2EF-4958-AFCE-4A5E68B02F61}.Debug|Any CPU.Build.0 = Debug|Any CPU
		{56D1BF77-B2EF-4958-AFCE-4A5E68B02F61}.Release|Any CPU.ActiveCfg = Release|Any CPU
		{56D1BF77-B2EF-4958-AFCE-4A5E68B02F61}.Release|Any CPU.Build.0 = Release|Any CPU
		{A478985E-2CCA-4FDA-AD0A-D37288D44A31}.Debug|Any CPU.ActiveCfg = Debug|Any CPU
		{A478985E-2CCA-4FDA-AD0A-D37288D44A31}.Debug|Any CPU.Build.0 = Debug|Any CPU
		{A478985E-2CCA-4FDA-AD0A-D37288D44A31}.Release|Any CPU.ActiveCfg = Release|Any CPU
		{A478985E-2CCA-4FDA-AD0A-D37288D44A31}.Release|Any CPU.Build.0 = Release|Any CPU
	EndGlobalSection
	GlobalSection(SolutionProperties) = preSolution
		HideSolutionNode = FALSE
	EndGlobalSection
EndGlobal
